// !$*UTF8*$!
{
	archiveVersion = 1;
	classes = {
	};
	objectVersion = 50;
	objects = {

/* Begin PBXBuildFile section */
		6A56069424E13F4400974937 /* AppDelegate.swift in Sources */ = {isa = PBXBuildFile; fileRef = 6A56069324E13F4400974937 /* AppDelegate.swift */; };
		6A56069624E13F4400974937 /* SceneDelegate.swift in Sources */ = {isa = PBXBuildFile; fileRef = 6A56069524E13F4400974937 /* SceneDelegate.swift */; };
		6A56069B24E13F4400974937 /* Main.storyboard in Resources */ = {isa = PBXBuildFile; fileRef = 6A56069924E13F4400974937 /* Main.storyboard */; };
		6A56069D24E13F4600974937 /* Assets.xcassets in Resources */ = {isa = PBXBuildFile; fileRef = 6A56069C24E13F4600974937 /* Assets.xcassets */; };
		6A5606A024E13F4600974937 /* LaunchScreen.storyboard in Resources */ = {isa = PBXBuildFile; fileRef = 6A56069E24E13F4600974937 /* LaunchScreen.storyboard */; };
		6A5606AB24E13F4600974937 /* demo0810Tests.swift in Sources */ = {isa = PBXBuildFile; fileRef = 6A5606AA24E13F4600974937 /* demo0810Tests.swift */; };
		6A5606B624E13F4600974937 /* demo0810UITests.swift in Sources */ = {isa = PBXBuildFile; fileRef = 6A5606B524E13F4600974937 /* demo0810UITests.swift */; };
		6A5606C424E13FA700974937 /* photoCollectionViewController.swift in Sources */ = {isa = PBXBuildFile; fileRef = 6A5606C324E13FA700974937 /* photoCollectionViewController.swift */; };
		6A5606C624E13FB100974937 /* photoCollectionViewCell.swift in Sources */ = {isa = PBXBuildFile; fileRef = 6A5606C524E13FB100974937 /* photoCollectionViewCell.swift */; };
		6A5606C824E14D1A00974937 /* photoViewController.swift in Sources */ = {isa = PBXBuildFile; fileRef = 6A5606C724E14D1A00974937 /* photoViewController.swift */; };
/* End PBXBuildFile section */

/* Begin PBXContainerItemProxy section */
		6A5606A724E13F4600974937 /* PBXContainerItemProxy */ = {
			isa = PBXContainerItemProxy;
			containerPortal = 6A56068824E13F4400974937 /* Project object */;
			proxyType = 1;
			remoteGlobalIDString = 6A56068F24E13F4400974937;
			remoteInfo = demo0810;
		};
		6A5606B224E13F4600974937 /* PBXContainerItemProxy */ = {
			isa = PBXContainerItemProxy;
			containerPortal = 6A56068824E13F4400974937 /* Project object */;
			proxyType = 1;
			remoteGlobalIDString = 6A56068F24E13F4400974937;
			remoteInfo = demo0810;
		};
/* End PBXContainerItemProxy section */

/* Begin PBXFileReference section */
		6A56069024E13F4400974937 /* demo0810.app */ = {isa = PBXFileReference; explicitFileType = wrapper.application; includeInIndex = 0; path = demo0810.app; sourceTree = BUILT_PRODUCTS_DIR; };
		6A56069324E13F4400974937 /* AppDelegate.swift */ = {isa = PBXFileReference; lastKnownFileType = sourcecode.swift; path = AppDelegate.swift; sourceTree = "<group>"; };
		6A56069524E13F4400974937 /* SceneDelegate.swift */ = {isa = PBXFileReference; lastKnownFileType = sourcecode.swift; path = SceneDelegate.swift; sourceTree = "<group>"; };
		6A56069A24E13F4400974937 /* Base */ = {isa = PBXFileReference; lastKnownFileType = file.storyboard; name = Base; path = Base.lproj/Main.storyboard; sourceTree = "<group>"; };
		6A56069C24E13F4600974937 /* Assets.xcassets */ = {isa = PBXFileReference; lastKnownFileType = folder.assetcatalog; path = Assets.xcassets; sourceTree = "<group>"; };
		6A56069F24E13F4600974937 /* Base */ = {isa = PBXFileReference; lastKnownFileType = file.storyboard; name = Base; path = Base.lproj/LaunchScreen.storyboard; sourceTree = "<group>"; };
		6A5606A124E13F4600974937 /* Info.plist */ = {isa = PBXFileReference; lastKnownFileType = text.plist.xml; path = Info.plist; sourceTree = "<group>"; };
		6A5606A624E13F4600974937 /* demo0810Tests.xctest */ = {isa = PBXFileReference; explicitFileType = wrapper.cfbundle; includeInIndex = 0; path = demo0810Tests.xctest; sourceTree = BUILT_PRODUCTS_DIR; };
		6A5606AA24E13F4600974937 /* demo0810Tests.swift */ = {isa = PBXFileReference; lastKnownFileType = sourcecode.swift; path = demo0810Tests.swift; sourceTree = "<group>"; };
		6A5606AC24E13F4600974937 /* Info.plist */ = {isa = PBXFileReference; lastKnownFileType = text.plist.xml; path = Info.plist; sourceTree = "<group>"; };
		6A5606B124E13F4600974937 /* demo0810UITests.xctest */ = {isa = PBXFileReference; explicitFileType = wrapper.cfbundle; includeInIndex = 0; path = demo0810UITests.xctest; sourceTree = BUILT_PRODUCTS_DIR; };
		6A5606B524E13F4600974937 /* demo0810UITests.swift */ = {isa = PBXFileReference; lastKnownFileType = sourcecode.swift; path = demo0810UITests.swift; sourceTree = "<group>"; };
		6A5606B724E13F4600974937 /* Info.plist */ = {isa = PBXFileReference; lastKnownFileType = text.plist.xml; path = Info.plist; sourceTree = "<group>"; };
		6A5606C324E13FA700974937 /* photoCollectionViewController.swift */ = {isa = PBXFileReference; lastKnownFileType = sourcecode.swift; path = photoCollectionViewController.swift; sourceTree = "<group>"; };
		6A5606C524E13FB100974937 /* photoCollectionViewCell.swift */ = {isa = PBXFileReference; lastKnownFileType = sourcecode.swift; path = photoCollectionViewCell.swift; sourceTree = "<group>"; };
		6A5606C724E14D1A00974937 /* photoViewController.swift */ = {isa = PBXFileReference; lastKnownFileType = sourcecode.swift; path = photoViewController.swift; sourceTree = "<group>"; };
/* End PBXFileReference section */

/* Begin PBXFrameworksBuildPhase section */
		6A56068D24E13F4400974937 /* Frameworks */ = {
			isa = PBXFrameworksBuildPhase;
			buildActionMask = 2147483647;
			files = (
			);
			runOnlyForDeploymentPostprocessing = 0;
		};
		6A5606A324E13F4600974937 /* Frameworks */ = {
			isa = PBXFrameworksBuildPhase;
			buildActionMask = 2147483647;
			files = (
			);
			runOnlyForDeploymentPostprocessing = 0;
		};
		6A5606AE24E13F4600974937 /* Frameworks */ = {
			isa = PBXFrameworksBuildPhase;
			buildActionMask = 2147483647;
			files = (
			);
			runOnlyForDeploymentPostprocessing = 0;
		};
/* End PBXFrameworksBuildPhase section */

/* Begin PBXGroup section */
		6A56068724E13F4400974937 = {
			isa = PBXGroup;
			children = (
				6A56069224E13F4400974937 /* demo0810 */,
				6A5606A924E13F4600974937 /* demo0810Tests */,
				6A5606B424E13F4600974937 /* demo0810UITests */,
				6A56069124E13F4400974937 /* Products */,
			);
			sourceTree = "<group>";
		};
		6A56069124E13F4400974937 /* Products */ = {
			isa = PBXGroup;
			children = (
				6A56069024E13F4400974937 /* demo0810.app */,
				6A5606A624E13F4600974937 /* demo0810Tests.xctest */,
				6A5606B124E13F4600974937 /* demo0810UITests.xctest */,
			);
			name = Products;
			sourceTree = "<group>";
		};
		6A56069224E13F4400974937 /* demo0810 */ = {
			isa = PBXGroup;
			children = (
				6A56069324E13F4400974937 /* AppDelegate.swift */,
				6A56069524E13F4400974937 /* SceneDelegate.swift */,
				6A56069924E13F4400974937 /* Main.storyboard */,
				6A5606C724E14D1A00974937 /* photoViewController.swift */,
				6A5606C324E13FA700974937 /* photoCollectionViewController.swift */,
				6A5606C524E13FB100974937 /* photoCollectionViewCell.swift */,
				6A56069C24E13F4600974937 /* Assets.xcassets */,
				6A56069E24E13F4600974937 /* LaunchScreen.storyboard */,
				6A5606A124E13F4600974937 /* Info.plist */,
			);
			path = demo0810;
			sourceTree = "<group>";
		};
		6A5606A924E13F4600974937 /* demo0810Tests */ = {
			isa = PBXGroup;
			children = (
				6A5606AA24E13F4600974937 /* demo0810Tests.swift */,
				6A5606AC24E13F4600974937 /* Info.plist */,
			);
			path = demo0810Tests;
			sourceTree = "<group>";
		};
		6A5606B424E13F4600974937 /* demo0810UITests */ = {
			isa = PBXGroup;
			children = (
				6A5606B524E13F4600974937 /* demo0810UITests.swift */,
				6A5606B724E13F4600974937 /* Info.plist */,
			);
			path = demo0810UITests;
			sourceTree = "<group>";
		};
/* End PBXGroup section */

/* Begin PBXNativeTarget section */
		6A56068F24E13F4400974937 /* demo0810 */ = {
			isa = PBXNativeTarget;
			buildConfigurationList = 6A5606BA24E13F4600974937 /* Build configuration list for PBXNativeTarget "demo0810" */;
			buildPhases = (
				6A56068C24E13F4400974937 /* Sources */,
				6A56068D24E13F4400974937 /* Frameworks */,
				6A56068E24E13F4400974937 /* Resources */,
			);
			buildRules = (
			);
			dependencies = (
			);
			name = demo0810;
			productName = demo0810;
			productReference = 6A56069024E13F4400974937 /* demo0810.app */;
			productType = "com.apple.product-type.application";
		};
		6A5606A524E13F4600974937 /* demo0810Tests */ = {
			isa = PBXNativeTarget;
			buildConfigurationList = 6A5606BD24E13F4600974937 /* Build configuration list for PBXNativeTarget "demo0810Tests" */;
			buildPhases = (
				6A5606A224E13F4600974937 /* Sources */,
				6A5606A324E13F4600974937 /* Frameworks */,
				6A5606A424E13F4600974937 /* Resources */,
			);
			buildRules = (
			);
			dependencies = (
				6A5606A824E13F4600974937 /* PBXTargetDependency */,
			);
			name = demo0810Tests;
			productName = demo0810Tests;
			productReference = 6A5606A624E13F4600974937 /* demo0810Tests.xctest */;
			productType = "com.apple.product-type.bundle.unit-test";
		};
		6A5606B024E13F4600974937 /* demo0810UITests */ = {
			isa = PBXNativeTarget;
			buildConfigurationList = 6A5606C024E13F4600974937 /* Build configuration list for PBXNativeTarget "demo0810UITests" */;
			buildPhases = (
				6A5606AD24E13F4600974937 /* Sources */,
				6A5606AE24E13F4600974937 /* Frameworks */,
				6A5606AF24E13F4600974937 /* Resources */,
			);
			buildRules = (
			);
			dependencies = (
				6A5606B324E13F4600974937 /* PBXTargetDependency */,
			);
			name = demo0810UITests;
			productName = demo0810UITests;
			productReference = 6A5606B124E13F4600974937 /* demo0810UITests.xctest */;
			productType = "com.apple.product-type.bundle.ui-testing";
		};
/* End PBXNativeTarget section */

/* Begin PBXProject section */
		6A56068824E13F4400974937 /* Project object */ = {
			isa = PBXProject;
			attributes = {
				LastSwiftUpdateCheck = 1200;
				LastUpgradeCheck = 1200;
				TargetAttributes = {
					6A56068F24E13F4400974937 = {
						CreatedOnToolsVersion = 12.0;
					};
					6A5606A524E13F4600974937 = {
						CreatedOnToolsVersion = 12.0;
						TestTargetID = 6A56068F24E13F4400974937;
					};
					6A5606B024E13F4600974937 = {
						CreatedOnToolsVersion = 12.0;
						TestTargetID = 6A56068F24E13F4400974937;
					};
				};
			};
			buildConfigurationList = 6A56068B24E13F4400974937 /* Build configuration list for PBXProject "demo0810" */;
			compatibilityVersion = "Xcode 9.3";
			developmentRegion = en;
			hasScannedForEncodings = 0;
			knownRegions = (
				en,
				Base,
			);
			mainGroup = 6A56068724E13F4400974937;
			productRefGroup = 6A56069124E13F4400974937 /* Products */;
			projectDirPath = "";
			projectRoot = "";
			targets = (
				6A56068F24E13F4400974937 /* demo0810 */,
				6A5606A524E13F4600974937 /* demo0810Tests */,
				6A5606B024E13F4600974937 /* demo0810UITests */,
			);
		};
/* End PBXProject section */

/* Begin PBXResourcesBuildPhase section */
		6A56068E24E13F4400974937 /* Resources */ = {
			isa = PBXResourcesBuildPhase;
			buildActionMask = 2147483647;
			files = (
				6A5606A024E13F4600974937 /* LaunchScreen.storyboard in Resources */,
				6A56069D24E13F4600974937 /* Assets.xcassets in Resources */,
				6A56069B24E13F4400974937 /* Main.storyboard in Resources */,
			);
			runOnlyForDeploymentPostprocessing = 0;
		};
		6A5606A424E13F4600974937 /* Resources */ = {
			isa = PBXResourcesBuildPhase;
			buildActionMask = 2147483647;
			files = (
			);
			runOnlyForDeploymentPostprocessing = 0;
		};
		6A5606AF24E13F4600974937 /* Resources */ = {
			isa = PBXResourcesBuildPhase;
			buildActionMask = 2147483647;
			files = (
			);
			runOnlyForDeploymentPostprocessing = 0;
		};
/* End PBXResourcesBuildPhase section */

/* Begin PBXSourcesBuildPhase section */
		6A56068C24E13F4400974937 /* Sources */ = {
			isa = PBXSourcesBuildPhase;
			buildActionMask = 2147483647;
			files = (
				6A5606C824E14D1A00974937 /* photoViewController.swift in Sources */,
				6A56069424E13F4400974937 /* AppDelegate.swift in Sources */,
				6A5606C624E13FB100974937 /* photoCollectionViewCell.swift in Sources */,
				6A56069624E13F4400974937 /* SceneDelegate.swift in Sources */,
				6A5606C424E13FA700974937 /* photoCollectionViewController.swift in Sources */,
			);
			runOnlyForDeploymentPostprocessing = 0;
		};
		6A5606A224E13F4600974937 /* Sources */ = {
			isa = PBXSourcesBuildPhase;
			buildActionMask = 2147483647;
			files = (
				6A5606AB24E13F4600974937 /* demo0810Tests.swift in Sources */,
			);
			runOnlyForDeploymentPostprocessing = 0;
		};
		6A5606AD24E13F4600974937 /* Sources */ = {
			isa = PBXSourcesBuildPhase;
			buildActionMask = 2147483647;
			files = (
				6A5606B624E13F4600974937 /* demo0810UITests.swift in Sources */,
			);
			runOnlyForDeploymentPostprocessing = 0;
		};
/* End PBXSourcesBuildPhase section */

/* Begin PBXTargetDependency section */
		6A5606A824E13F4600974937 /* PBXTargetDependency */ = {
			isa = PBXTargetDependency;
			target = 6A56068F24E13F4400974937 /* demo0810 */;
			targetProxy = 6A5606A724E13F4600974937 /* PBXContainerItemProxy */;
		};
		6A5606B324E13F4600974937 /* PBXTargetDependency */ = {
			isa = PBXTargetDependency;
			target = 6A56068F24E13F4400974937 /* demo0810 */;
			targetProxy = 6A5606B224E13F4600974937 /* PBXContainerItemProxy */;
		};
/* End PBXTargetDependency section */

/* Begin PBXVariantGroup section */
		6A56069924E13F4400974937 /* Main.storyboard */ = {
			isa = PBXVariantGroup;
			children = (
				6A56069A24E13F4400974937 /* Base */,
			);
			name = Main.storyboard;
			sourceTree = "<group>";
		};
		6A56069E24E13F4600974937 /* LaunchScreen.storyboard */ = {
			isa = PBXVariantGroup;
			children = (
				6A56069F24E13F4600974937 /* Base */,
			);
			name = LaunchScreen.storyboard;
			sourceTree = "<group>";
		};
/* End PBXVariantGroup section */

/* Begin XCBuildConfiguration section */
		6A5606B824E13F4600974937 /* Debug */ = {
			isa = XCBuildConfiguration;
			buildSettings = {
				ALWAYS_SEARCH_USER_PATHS = NO;
				CLANG_ANALYZER_NONNULL = YES;
				CLANG_ANALYZER_NUMBER_OBJECT_CONVERSION = YES_AGGRESSIVE;
				CLANG_CXX_LANGUAGE_STANDARD = "gnu++14";
				CLANG_CXX_LIBRARY = "libc++";
				CLANG_ENABLE_MODULES = YES;
				CLANG_ENABLE_OBJC_ARC = YES;
				CLANG_ENABLE_OBJC_WEAK = YES;
				CLANG_WARN_BLOCK_CAPTURE_AUTORELEASING = YES;
				CLANG_WARN_BOOL_CONVERSION = YES;
				CLANG_WARN_COMMA = YES;
				CLANG_WARN_CONSTANT_CONVERSION = YES;
				CLANG_WARN_DEPRECATED_OBJC_IMPLEMENTATIONS = YES;
				CLANG_WARN_DIRECT_OBJC_ISA_USAGE = YES_ERROR;
				CLANG_WARN_DOCUMENTATION_COMMENTS = YES;
				CLANG_WARN_EMPTY_BODY = YES;
				CLANG_WARN_ENUM_CONVERSION = YES;
				CLANG_WARN_INFINITE_RECURSION = YES;
				CLANG_WARN_INT_CONVERSION = YES;
				CLANG_WARN_NON_LITERAL_NULL_CONVERSION = YES;
				CLANG_WARN_OBJC_IMPLICIT_RETAIN_SELF = YES;
				CLANG_WARN_OBJC_LITERAL_CONVERSION = YES;
				CLANG_WARN_OBJC_ROOT_CLASS = YES_ERROR;
				CLANG_WARN_QUOTED_INCLUDE_IN_FRAMEWORK_HEADER = YES;
				CLANG_WARN_RANGE_LOOP_ANALYSIS = YES;
				CLANG_WARN_STRICT_PROTOTYPES = YES;
				CLANG_WARN_SUSPICIOUS_MOVE = YES;
				CLANG_WARN_UNGUARDED_AVAILABILITY = YES_AGGRESSIVE;
				CLANG_WARN_UNREACHABLE_CODE = YES;
				CLANG_WARN__DUPLICATE_METHOD_MATCH = YES;
				COPY_PHASE_STRIP = NO;
				DEBUG_INFORMATION_FORMAT = dwarf;
				ENABLE_STRICT_OBJC_MSGSEND = YES;
				ENABLE_TESTABILITY = YES;
				GCC_C_LANGUAGE_STANDARD = gnu11;
				GCC_DYNAMIC_NO_PIC = NO;
				GCC_NO_COMMON_BLOCKS = YES;
				GCC_OPTIMIZATION_LEVEL = 0;
				GCC_PREPROCESSOR_DEFINITIONS = (
					"DEBUG=1",
					"$(inherited)",
				);
				GCC_WARN_64_TO_32_BIT_CONVERSION = YES;
				GCC_WARN_ABOUT_RETURN_TYPE = YES_ERROR;
				GCC_WARN_UNDECLARED_SELECTOR = YES;
				GCC_WARN_UNINITIALIZED_AUTOS = YES_AGGRESSIVE;
				GCC_WARN_UNUSED_FUNCTION = YES;
				GCC_WARN_UNUSED_VARIABLE = YES;
				IPHONEOS_DEPLOYMENT_TARGET = 14.0;
				MTL_ENABLE_DEBUG_INFO = INCLUDE_SOURCE;
				MTL_FAST_MATH = YES;
				ONLY_ACTIVE_ARCH = YES;
				SDKROOT = iphoneos;
				SWIFT_ACTIVE_COMPILATION_CONDITIONS = DEBUG;
				SWIFT_OPTIMIZATION_LEVEL = "-Onone";
			};
			name = Debug;
		};
		6A5606B924E13F4600974937 /* Release */ = {
			isa = XCBuildConfiguration;
			buildSettings = {
				ALWAYS_SEARCH_USER_PATHS = NO;
				CLANG_ANALYZER_NONNULL = YES;
				CLANG_ANALYZER_NUMBER_OBJECT_CONVERSION = YES_AGGRESSIVE;
				CLANG_CXX_LANGUAGE_STANDARD = "gnu++14";
				CLANG_CXX_LIBRARY = "libc++";
				CLANG_ENABLE_MODULES = YES;
				CLANG_ENABLE_OBJC_ARC = YES;
				CLANG_ENABLE_OBJC_WEAK = YES;
				CLANG_WARN_BLOCK_CAPTURE_AUTORELEASING = YES;
				CLANG_WARN_BOOL_CONVERSION = YES;
				CLANG_WARN_COMMA = YES;
				CLANG_WARN_CONSTANT_CONVERSION = YES;
				CLANG_WARN_DEPRECATED_OBJC_IMPLEMENTATIONS = YES;
				CLANG_WARN_DIRECT_OBJC_ISA_USAGE = YES_ERROR;
				CLANG_WARN_DOCUMENTATION_COMMENTS = YES;
				CLANG_WARN_EMPTY_BODY = YES;
				CLANG_WARN_ENUM_CONVERSION = YES;
				CLANG_WARN_INFINITE_RECURSION = YES;
				CLANG_WARN_INT_CONVERSION = YES;
				CLANG_WARN_NON_LITERAL_NULL_CONVERSION = YES;
				CLANG_WARN_OBJC_IMPLICIT_RETAIN_SELF = YES;
				CLANG_WARN_OBJC_LITERAL_CONVERSION = YES;
				CLANG_WARN_OBJC_ROOT_CLASS = YES_ERROR;
				CLANG_WARN_QUOTED_INCLUDE_IN_FRAMEWORK_HEADER = YES;
				CLANG_WARN_RANGE_LOOP_ANALYSIS = YES;
				CLANG_WARN_STRICT_PROTOTYPES = YES;
				CLANG_WARN_SUSPICIOUS_MOVE = YES;
				CLANG_WARN_UNGUARDED_AVAILABILITY = YES_AGGRESSIVE;
				CLANG_WARN_UNREACHABLE_CODE = YES;
				CLANG_WARN__DUPLICATE_METHOD_MATCH = YES;
				COPY_PHASE_STRIP = NO;
				DEBUG_INFORMATION_FORMAT = "dwarf-with-dsym";
				ENABLE_NS_ASSERTIONS = NO;
				ENABLE_STRICT_OBJC_MSGSEND = YES;
				GCC_C_LANGUAGE_STANDARD = gnu11;
				GCC_NO_COMMON_BLOCKS = YES;
				GCC_WARN_64_TO_32_BIT_CONVERSION = YES;
				GCC_WARN_ABOUT_RETURN_TYPE = YES_ERROR;
				GCC_WARN_UNDECLARED_SELECTOR = YES;
				GCC_WARN_UNINITIALIZED_AUTOS = YES_AGGRESSIVE;
				GCC_WARN_UNUSED_FUNCTION = YES;
				GCC_WARN_UNUSED_VARIABLE = YES;
				IPHONEOS_DEPLOYMENT_TARGET = 14.0;
				MTL_ENABLE_DEBUG_INFO = NO;
				MTL_FAST_MATH = YES;
				SDKROOT = iphoneos;
				SWIFT_COMPILATION_MODE = wholemodule;
				SWIFT_OPTIMIZATION_LEVEL = "-O";
				VALIDATE_PRODUCT = YES;
			};
			name = Release;
		};
		6A5606BB24E13F4600974937 /* Debug */ = {
			isa = XCBuildConfiguration;
			buildSettings = {
				ASSETCATALOG_COMPILER_APPICON_NAME = AppIcon;
				ASSETCATALOG_COMPILER_GLOBAL_ACCENT_COLOR_NAME = AccentColor;
				CODE_SIGN_STYLE = Automatic;
				DEVELOPMENT_TEAM = WKYYFQH356;
				INFOPLIST_FILE = demo0810/Info.plist;
				LD_RUNPATH_SEARCH_PATHS = (
					"$(inherited)",
					"@executable_path/Frameworks",
				);
				PRODUCT_BUNDLE_IDENTIFIER = com.yvonne4funfun.demo0810;
				PRODUCT_NAME = "$(TARGET_NAME)";
				SWIFT_VERSION = 5.0;
				TARGETED_DEVICE_FAMILY = "1,2";
			};
			name = Debug;
		};
		6A5606BC24E13F4600974937 /* Release */ = {
			isa = XCBuildConfiguration;
			buildSettings = {
				ASSETCATALOG_COMPILER_APPICON_NAME = AppIcon;
				ASSETCATALOG_COMPILER_GLOBAL_ACCENT_COLOR_NAME = AccentColor;
				CODE_SIGN_STYLE = Automatic;
				DEVELOPMENT_TEAM = WKYYFQH356;
				INFOPLIST_FILE = demo0810/Info.plist;
				LD_RUNPATH_SEARCH_PATHS = (
					"$(inherited)",
					"@executable_path/Frameworks",
				);
				PRODUCT_BUNDLE_IDENTIFIER = com.yvonne4funfun.demo0810;
				PRODUCT_NAME = "$(TARGET_NAME)";
				SWIFT_VERSION = 5.0;
				TARGETED_DEVICE_FAMILY = "1,2";
			};
			name = Release;
		};
		6A5606BE24E13F4600974937 /* Debug */ = {
			isa = XCBuildConfiguration;
			buildSettings = {
				ALWAYS_EMBED_SWIFT_STANDARD_LIBRARIES = YES;
				BUNDLE_LOADER = "$(TEST_HOST)";
				CODE_SIGN_STYLE = Automatic;
				DEVELOPMENT_TEAM = WKYYFQH356;
				INFOPLIST_FILE = demo0810Tests/Info.plist;
				IPHONEOS_DEPLOYMENT_TARGET = 14.0;
				LD_RUNPATH_SEARCH_PATHS = (
					"$(inherited)",
					"@executable_path/Frameworks",
					"@loader_path/Frameworks",
				);
				PRODUCT_BUNDLE_IDENTIFIER = com.yvonne4funfun.demo0810Tests;
				PRODUCT_NAME = "$(TARGET_NAME)";
				SWIFT_VERSION = 5.0;
				TARGETED_DEVICE_FAMILY = "1,2";
				TEST_HOST = "$(BUILT_PRODUCTS_DIR)/demo0810.app/demo0810";
			};
			name = Debug;
		};
		6A5606BF24E13F4600974937 /* Release */ = {
			isa = XCBuildConfiguration;
			buildSettings = {
				ALWAYS_EMBED_SWIFT_STANDARD_LIBRARIES = YES;
				BUNDLE_LOADER = "$(TEST_HOST)";
				CODE_SIGN_STYLE = Automatic;
				DEVELOPMENT_TEAM = WKYYFQH356;
				INFOPLIST_FILE = demo0810Tests/Info.plist;
				IPHONEOS_DEPLOYMENT_TARGET = 14.0;
				LD_RUNPATH_SEARCH_PATHS = (
					"$(inherited)",
					"@executable_path/Frameworks",
					"@loader_path/Frameworks",
				);
				PRODUCT_BUNDLE_IDENTIFIER = com.yvonne4funfun.demo0810Tests;
				PRODUCT_NAME = "$(TARGET_NAME)";
				SWIFT_VERSION = 5.0;
				TARGETED_DEVICE_FAMILY = "1,2";
				TEST_HOST = "$(BUILT_PRODUCTS_DIR)/demo0810.app/demo0810";
			};
			name = Release;
		};
		6A5606C124E13F4600974937 /* Debug */ = {
			isa = XCBuildConfiguration;
			buildSettings = {
				ALWAYS_EMBED_SWIFT_STANDARD_LIBRARIES = YES;
				CODE_SIGN_STYLE = Automatic;
				DEVELOPMENT_TEAM = WKYYFQH356;
				INFOPLIST_FILE = demo0810UITests/Info.plist;
				LD_RUNPATH_SEARCH_PATHS = (
					"$(inherited)",
					"@executable_path/Frameworks",
					"@loader_path/Frameworks",
				);
				PRODUCT_BUNDLE_IDENTIFIER = com.yvonne4funfun.demo0810UITests;
				PRODUCT_NAME = "$(TARGET_NAME)";
				SWIFT_VERSION = 5.0;
				TARGETED_DEVICE_FAMILY = "1,2";
				TEST_TARGET_NAME = demo0810;
			};
			name = Debug;
		};
		6A5606C224E13F4600974937 /* Release */ = {
			isa = XCBuildConfiguration;
			buildSettings = {
				ALWAYS_EMBED_SWIFT_STANDARD_LIBRARIES = YES;
				CODE_SIGN_STYLE = Automatic;
				DEVELOPMENT_TEAM = WKYYFQH356;
				INFOPLIST_FILE = demo0810UITests/Info.plist;
				LD_RUNPATH_SEARCH_PATHS = (
					"$(inherited)",
					"@executable_path/Frameworks",
					"@loader_path/Frameworks",
				);
				PRODUCT_BUNDLE_IDENTIFIER = com.yvonne4funfun.demo0810UITests;
				PRODUCT_NAME = "$(TARGET_NAME)";
				SWIFT_VERSION = 5.0;
				TARGETED_DEVICE_FAMILY = "1,2";
				TEST_TARGET_NAME = demo0810;
			};
			name = Release;
		};
/* End XCBuildConfiguration section */

/* Begin XCConfigurationList section */
		6A56068B24E13F4400974937 /* Build configuration list for PBXProject "demo0810" */ = {
			isa = XCConfigurationList;
			buildConfigurations = (
				6A5606B824E13F4600974937 /* Debug */,
				6A5606B924E13F4600974937 /* Release */,
			);
			defaultConfigurationIsVisible = 0;
			defaultConfigurationName = Release;
		};
		6A5606BA24E13F4600974937 /* Build configuration list for PBXNativeTarget "demo0810" */ = {
			isa = XCConfigurationList;
			buildConfigurations = (
				6A5606BB24E13F4600974937 /* Debug */,
				6A5606BC24E13F4600974937 /* Release */,
			);
			defaultConfigurationIsVisible = 0;
			defaultConfigurationName = Release;
		};
		6A5606BD24E13F4600974937 /* Build configuration list for PBXNativeTarget "demo0810Tests" */ = {
			isa = XCConfigurationList;
			buildConfigurations = (
				6A5606BE24E13F4600974937 /* Debug */,
				6A5606BF24E13F4600974937 /* Release */,
			);
			defaultConfigurationIsVisible = 0;
			defaultConfigurationName = Release;
		};
		6A5606C024E13F4600974937 /* Build configuration list for PBXNativeTarget "demo0810UITests" */ = {
			isa = XCConfigurationList;
			buildConfigurations = (
				6A5606C124E13F4600974937 /* Debug */,
				6A5606C224E13F4600974937 /* Release */,
			);
			defaultConfigurationIsVisible = 0;
			defaultConfigurationName = Release;
		};
/* End XCConfigurationList section */
	};
	rootObject = 6A56068824E13F4400974937 /* Project object */;
}
